Microsoft Visual Studio Solution File, Format Version 7.00
Project("{8BC9CEB8-8B4A-11D0-8D11-00A0C91BC942}") = "Cal3D_Cally", "cal3d_cally.vcproj", "{A21469E3-F5CD-4D6B-96DC-663263D24B3E}"
EndProject
Global
	GlobalSection(SolutionConfiguration) = preSolution
		ConfigName.0 = Debug
		ConfigName.1 = Release
	EndGlobalSection
	GlobalSection(ProjectDependencies) = postSolution
	EndGlobalSection
	GlobalSection(ProjectConfiguration) = postSolution
		{A21469E3-F5CD-4D6B-96DC-663263D24B3E}.Debug.ActiveCfg = Debug|Win32
		{A21469E3-F5CD-4D6B-96DC-663263D24B3E}.Debug.Build.0 = Debug|Win32
		{A21469E3-F5CD-4D6B-96DC-663263D24B3E}.Release.ActiveCfg = Release|Win32
		{A21469E3-F5CD-4D6B-96DC-663263D24B3E}.Release.Build.0 = Release|Win32
	EndGlobalSection
	GlobalSection(ExtensibilityGlobals) = postSolution
	EndGlobalSection
	GlobalSection(ExtensibilityAddIns) = postSolution
	EndGlobalSection
EndGlobal
