Microsoft Visual Studio Solution File, Format Version 7.00
Project("{8BC9CEB8-8B4A-11D0-8D11-00A0C91BC942}") = "cal3d_converter", "cal3d_converter.vcproj", "{9479F4F7-AFBF-47A1-98EF-78B05F5D9492}"
EndProject
Global
	GlobalSection(SolutionConfiguration) = preSolution
		ConfigName.0 = Debug
		ConfigName.1 = Release
	EndGlobalSection
	GlobalSection(ProjectDependencies) = postSolution
	EndGlobalSection
	GlobalSection(ProjectConfiguration) = postSolution
		{9479F4F7-AFBF-47A1-98EF-78B05F5D9492}.Debug.ActiveCfg = Debug|Win32
		{9479F4F7-AFBF-47A1-98EF-78B05F5D9492}.Debug.Build.0 = Debug|Win32
		{9479F4F7-AFBF-47A1-98EF-78B05F5D9492}.Release.ActiveCfg = Release|Win32
		{9479F4F7-AFBF-47A1-98EF-78B05F5D9492}.Release.Build.0 = Release|Win32
	EndGlobalSection
	GlobalSection(ExtensibilityGlobals) = postSolution
	EndGlobalSection
	GlobalSection(ExtensibilityAddIns) = postSolution
	EndGlobalSection
EndGlobal
