Microsoft Visual Studio Solution File, Format Version 7.00
Project("{8BC9CEB8-8B4A-11D0-8D11-00A0C91BC942}") = "cal3d_miniviewer_d3d", "cal3d_miniviewer_d3d.vcproj", "{4F7F5012-057D-44BB-9594-C691FFCCC566}"
EndProject
Global
	GlobalSection(SolutionConfiguration) = preSolution
		ConfigName.0 = Debug
		ConfigName.1 = Release
	EndGlobalSection
	GlobalSection(ProjectDependencies) = postSolution
	EndGlobalSection
	GlobalSection(ProjectConfiguration) = postSolution
		{4F7F5012-057D-44BB-9594-C691FFCCC566}.Debug.ActiveCfg = Debug|Win32
		{4F7F5012-057D-44BB-9594-C691FFCCC566}.Debug.Build.0 = Debug|Win32
		{4F7F5012-057D-44BB-9594-C691FFCCC566}.Release.ActiveCfg = Release|Win32
		{4F7F5012-057D-44BB-9594-C691FFCCC566}.Release.Build.0 = Release|Win32
	EndGlobalSection
	GlobalSection(ExtensibilityGlobals) = postSolution
	EndGlobalSection
	GlobalSection(ExtensibilityAddIns) = postSolution
	EndGlobalSection
EndGlobal
