Microsoft Visual Studio Solution File, Format Version 7.00
Project("{8BC9CEB8-8B4A-11D0-8D11-00A0C91BC942}") = "cal3d_max_exporter", "cal3d_max_exporter\cal3d_max_exporter.vcproj", "{65582846-23E0-4430-8F8B-ED4D2B5D5190}"
EndProject
Project("{8BC9CEB8-8B4A-11D0-8D11-00A0C91BC942}") = "cal3d_milk_exporter", "cal3d_milk_exporter\cal3d_milk_exporter.vcproj", "{79A4C05D-DB4B-40C4-A3DF-D62C644781F9}"
EndProject
Global
	GlobalSection(SolutionConfiguration) = preSolution
		ConfigName.0 = Debug
		ConfigName.1 = Release
	EndGlobalSection
	GlobalSection(ProjectDependencies) = postSolution
	EndGlobalSection
	GlobalSection(ProjectConfiguration) = postSolution
		{65582846-23E0-4430-8F8B-ED4D2B5D5190}.Debug.ActiveCfg = Debug|Win32
		{65582846-23E0-4430-8F8B-ED4D2B5D5190}.Debug.Build.0 = Debug|Win32
		{65582846-23E0-4430-8F8B-ED4D2B5D5190}.Release.ActiveCfg = Release|Win32
		{65582846-23E0-4430-8F8B-ED4D2B5D5190}.Release.Build.0 = Release|Win32
		{79A4C05D-DB4B-40C4-A3DF-D62C644781F9}.Debug.ActiveCfg = Debug|Win32
		{79A4C05D-DB4B-40C4-A3DF-D62C644781F9}.Debug.Build.0 = Debug|Win32
		{79A4C05D-DB4B-40C4-A3DF-D62C644781F9}.Release.ActiveCfg = Release|Win32
		{79A4C05D-DB4B-40C4-A3DF-D62C644781F9}.Release.Build.0 = Release|Win32
	EndGlobalSection
	GlobalSection(ExtensibilityGlobals) = postSolution
	EndGlobalSection
	GlobalSection(ExtensibilityAddIns) = postSolution
	EndGlobalSection
EndGlobal
